
Microsoft Visual Studio Solution File, Format Version 12.00
# Visual Studio Version 17
VisualStudioVersion = 17.1.32228.430
MinimumVisualStudioVersion = 10.0.40219.1
Project("{FAE04EC0-301F-11D3-BF4B-00C04F79EFBC}") = "Framework", "Framework\Framework.csproj", "{88AA2AC3-2783-4498-B210-2C66CE3B8C5A}"
EndProject
Project("{FAE04EC0-301F-11D3-BF4B-00C04F79EFBC}") = "NewGame", "NewGame\NewGame.csproj", "{C2021F7E-4BB6-4357-B969-DDF588E53ED1}"
EndProject
Global
	GlobalSection(SolutionConfigurationPlatforms) = preSolution
		Debug|Any CPU = Debug|Any CPU
		Release|Any CPU = Release|Any CPU
	EndGlobalSection
	GlobalSection(ProjectConfigurationPlatforms) = postSolution
		{88AA2AC3-2783-4498-B210-2C66CE3B8C5A}.Debug|Any CPU.ActiveCfg = Debug|Any CPU
		{88AA2AC3-2783-4498-B210-2C66CE3B8C5A}.Debug|Any CPU.Build.0 = Debug|Any CPU
		{88AA2AC3-2783-4498-B210-2C66CE3B8C5A}.Release|Any CPU.ActiveCfg = Release|Any CPU
		{88AA2AC3-2783-4498-B210-2C66CE3B8C5A}.Release|Any CPU.Build.0 = Release|Any CPU
		{C2021F7E-4BB6-4357-B969-DDF588E53ED1}.Debug|Any CPU.ActiveCfg = Debug|Any CPU
		{C2021F7E-4BB6-4357-B969-DDF588E53ED1}.Debug|Any CPU.Build.0 = Debug|Any CPU
		{C2021F7E-4BB6-4357-B969-DDF588E53ED1}.Release|Any CPU.ActiveCfg = Release|Any CPU
		{C2021F7E-4BB6-4357-B969-DDF588E53ED1}.Release|Any CPU.Build.0 = Release|Any CPU
	EndGlobalSection
	GlobalSection(SolutionProperties) = preSolution
		HideSolutionNode = FALSE
	EndGlobalSection
	GlobalSection(ExtensibilityGlobals) = postSolution
		SolutionGuid = {089B9A83-CA04-4586-83CF-3080B2B3BFC1}
	EndGlobalSection
EndGlobal
